Microsoft Visual Studio Solution File, Format Version 12.00
# Visual Studio Version 17
VisualStudioVersion = 17.5.2.0
MinimumVisualStudioVersion = 10.0.40219.1
Project("{FAE04EC0-301F-11D3-BF4B-00C04F79EFBC}") = "LibreySystem", "LibreySystem.csproj", "{3FC6D2C9-E337-C25C-38D2-E202BA46A1ED}"
EndProject
Global
	GlobalSection(SolutionConfigurationPlatforms) = preSolution
		Debug|Any CPU = Debug|Any CPU
		Release|Any CPU = Release|Any CPU
	EndGlobalSection
	GlobalSection(ProjectConfigurationPlatforms) = postSolution
		{3FC6D2C9-E337-C25C-38D2-E202BA46A1ED}.Debug|Any CPU.ActiveCfg = Debug|Any CPU
		{3FC6D2C9-E337-C25C-38D2-E202BA46A1ED}.Debug|Any CPU.Build.0 = Debug|Any CPU
		{3FC6D2C9-E337-C25C-38D2-E202BA46A1ED}.Release|Any CPU.ActiveCfg = Release|Any CPU
		{3FC6D2C9-E337-C25C-38D2-E202BA46A1ED}.Release|Any CPU.Build.0 = Release|Any CPU
	EndGlobalSection
	GlobalSection(SolutionProperties) = preSolution
		HideSolutionNode = FALSE
	EndGlobalSection
	GlobalSection(ExtensibilityGlobals) = postSolution
		SolutionGuid = {945476CC-D246-4AD0-A023-9BCF99C297F5}
	EndGlobalSection
EndGlobal
